// !$*UTF8*$!
{
	archiveVersion = 1;
	classes = {
	};
	objectVersion = 50;
	objects = {

/* Begin PBXBuildFile section */
		3F6DE53D241AFBD00076F81A /* AppDelegate.swift in Sources */ = {isa = PBXBuildFile; fileRef = 3F6DE53C241AFBD00076F81A /* AppDelegate.swift */; };
		3F6DE53F241AFBD00076F81A /* SceneDelegate.swift in Sources */ = {isa = PBXBuildFile; fileRef = 3F6DE53E241AFBD00076F81A /* SceneDelegate.swift */; };
		3F6DE544241AFBD00076F81A /* Main.storyboard in Resources */ = {isa = PBXBuildFile; fileRef = 3F6DE542241AFBD00076F81A /* Main.storyboard */; };
		3F6DE546241AFBD10076F81A /* Assets.xcassets in Resources */ = {isa = PBXBuildFile; fileRef = 3F6DE545241AFBD10076F81A /* Assets.xcassets */; };
		3F6DE549241AFBD10076F81A /* LaunchScreen.storyboard in Resources */ = {isa = PBXBuildFile; fileRef = 3F6DE547241AFBD10076F81A /* LaunchScreen.storyboard */; };
		3F6DE551241AFCA70076F81A /* SearchResult.swift in Sources */ = {isa = PBXBuildFile; fileRef = 3F6DE550241AFCA70076F81A /* SearchResult.swift */; };
		3F6DE553241AFE3E0076F81A /* ResultType.swift in Sources */ = {isa = PBXBuildFile; fileRef = 3F6DE552241AFE3E0076F81A /* ResultType.swift */; };
		3F6DE555241AFE8B0076F81A /* SearchResultController.swift in Sources */ = {isa = PBXBuildFile; fileRef = 3F6DE554241AFE8B0076F81A /* SearchResultController.swift */; };
		3F6DE557241B06F80076F81A /* SearchResultsTableViewController.swift in Sources */ = {isa = PBXBuildFile; fileRef = 3F6DE556241B06F80076F81A /* SearchResultsTableViewController.swift */; };
/* End PBXBuildFile section */

/* Begin PBXFileReference section */
		3F6DE539241AFBD00076F81A /* ItunesSearch.app */ = {isa = PBXFileReference; explicitFileType = wrapper.application; includeInIndex = 0; path = ItunesSearch.app; sourceTree = BUILT_PRODUCTS_DIR; };
		3F6DE53C241AFBD00076F81A /* AppDelegate.swift */ = {isa = PBXFileReference; lastKnownFileType = sourcecode.swift; path = AppDelegate.swift; sourceTree = "<group>"; };
		3F6DE53E241AFBD00076F81A /* SceneDelegate.swift */ = {isa = PBXFileReference; lastKnownFileType = sourcecode.swift; path = SceneDelegate.swift; sourceTree = "<group>"; };
		3F6DE543241AFBD00076F81A /* Base */ = {isa = PBXFileReference; lastKnownFileType = file.storyboard; name = Base; path = Base.lproj/Main.storyboard; sourceTree = "<group>"; };
		3F6DE545241AFBD10076F81A /* Assets.xcassets */ = {isa = PBXFileReference; lastKnownFileType = folder.assetcatalog; path = Assets.xcassets; sourceTree = "<group>"; };
		3F6DE548241AFBD10076F81A /* Base */ = {isa = PBXFileReference; lastKnownFileType = file.storyboard; name = Base; path = Base.lproj/LaunchScreen.storyboard; sourceTree = "<group>"; };
		3F6DE54A241AFBD10076F81A /* Info.plist */ = {isa = PBXFileReference; lastKnownFileType = text.plist.xml; path = Info.plist; sourceTree = "<group>"; };
		3F6DE550241AFCA70076F81A /* SearchResult.swift */ = {isa = PBXFileReference; lastKnownFileType = sourcecode.swift; path = SearchResult.swift; sourceTree = "<group>"; };
		3F6DE552241AFE3E0076F81A /* ResultType.swift */ = {isa = PBXFileReference; lastKnownFileType = sourcecode.swift; path = ResultType.swift; sourceTree = "<group>"; };
		3F6DE554241AFE8B0076F81A /* SearchResultController.swift */ = {isa = PBXFileReference; lastKnownFileType = sourcecode.swift; path = SearchResultController.swift; sourceTree = "<group>"; };
		3F6DE556241B06F80076F81A /* SearchResultsTableViewController.swift */ = {isa = PBXFileReference; lastKnownFileType = sourcecode.swift; path = SearchResultsTableViewController.swift; sourceTree = "<group>"; };
/* End PBXFileReference section */

/* Begin PBXFrameworksBuildPhase section */
		3F6DE536241AFBD00076F81A /* Frameworks */ = {
			isa = PBXFrameworksBuildPhase;
			buildActionMask = 2147483647;
			files = (
			);
			runOnlyForDeploymentPostprocessing = 0;
		};
/* End PBXFrameworksBuildPhase section */

/* Begin PBXGroup section */
		3F6DE530241AFBD00076F81A = {
			isa = PBXGroup;
			children = (
				3F6DE53B241AFBD00076F81A /* ItunesSearch */,
				3F6DE53A241AFBD00076F81A /* Products */,
			);
			sourceTree = "<group>";
		};
		3F6DE53A241AFBD00076F81A /* Products */ = {
			isa = PBXGroup;
			children = (
				3F6DE539241AFBD00076F81A /* ItunesSearch.app */,
			);
			name = Products;
			sourceTree = "<group>";
		};
		3F6DE53B241AFBD00076F81A /* ItunesSearch */ = {
			isa = PBXGroup;
			children = (
				3F6DE53C241AFBD00076F81A /* AppDelegate.swift */,
				3F6DE53E241AFBD00076F81A /* SceneDelegate.swift */,
				3F6DE542241AFBD00076F81A /* Main.storyboard */,
				3F6DE556241B06F80076F81A /* SearchResultsTableViewController.swift */,
				3F6DE545241AFBD10076F81A /* Assets.xcassets */,
				3F6DE547241AFBD10076F81A /* LaunchScreen.storyboard */,
				3F6DE54A241AFBD10076F81A /* Info.plist */,
				3F6DE550241AFCA70076F81A /* SearchResult.swift */,
				3F6DE552241AFE3E0076F81A /* ResultType.swift */,
				3F6DE554241AFE8B0076F81A /* SearchResultController.swift */,
			);
			path = ItunesSearch;
			sourceTree = "<group>";
		};
/* End PBXGroup section */

/* Begin PBXNativeTarget section */
		3F6DE538241AFBD00076F81A /* ItunesSearch */ = {
			isa = PBXNativeTarget;
			buildConfigurationList = 3F6DE54D241AFBD10076F81A /* Build configuration list for PBXNativeTarget "ItunesSearch" */;
			buildPhases = (
				3F6DE535241AFBD00076F81A /* Sources */,
				3F6DE536241AFBD00076F81A /* Frameworks */,
				3F6DE537241AFBD00076F81A /* Resources */,
			);
			buildRules = (
			);
			dependencies = (
			);
			name = ItunesSearch;
			productName = ItunesSearch;
			productReference = 3F6DE539241AFBD00076F81A /* ItunesSearch.app */;
			productType = "com.apple.product-type.application";
		};
/* End PBXNativeTarget section */

/* Begin PBXProject section */
		3F6DE531241AFBD00076F81A /* Project object */ = {
			isa = PBXProject;
			attributes = {
				LastSwiftUpdateCheck = 1120;
				LastUpgradeCheck = 1120;
				ORGANIZATIONNAME = thewire;
				TargetAttributes = {
					3F6DE538241AFBD00076F81A = {
						CreatedOnToolsVersion = 11.2.1;
					};
				};
			};
			buildConfigurationList = 3F6DE534241AFBD00076F81A /* Build configuration list for PBXProject "ItunesSearch" */;
			compatibilityVersion = "Xcode 9.3";
			developmentRegion = en;
			hasScannedForEncodings = 0;
			knownRegions = (
				en,
				Base,
			);
			mainGroup = 3F6DE530241AFBD00076F81A;
			productRefGroup = 3F6DE53A241AFBD00076F81A /* Products */;
			projectDirPath = "";
			projectRoot = "";
			targets = (
				3F6DE538241AFBD00076F81A /* ItunesSearch */,
			);
		};
/* End PBXProject section */

/* Begin PBXResourcesBuildPhase section */
		3F6DE537241AFBD00076F81A /* Resources */ = {
			isa = PBXResourcesBuildPhase;
			buildActionMask = 2147483647;
			files = (
				3F6DE549241AFBD10076F81A /* LaunchScreen.storyboard in Resources */,
				3F6DE546241AFBD10076F81A /* Assets.xcassets in Resources */,
				3F6DE544241AFBD00076F81A /* Main.storyboard in Resources */,
			);
			runOnlyForDeploymentPostprocessing = 0;
		};
/* End PBXResourcesBuildPhase section */

/* Begin PBXSourcesBuildPhase section */
		3F6DE535241AFBD00076F81A /* Sources */ = {
			isa = PBXSourcesBuildPhase;
			buildActionMask = 2147483647;
			files = (
				3F6DE555241AFE8B0076F81A /* SearchResultController.swift in Sources */,
				3F6DE553241AFE3E0076F81A /* ResultType.swift in Sources */,
				3F6DE557241B06F80076F81A /* SearchResultsTableViewController.swift in Sources */,
				3F6DE53D241AFBD00076F81A /* AppDelegate.swift in Sources */,
				3F6DE551241AFCA70076F81A /* SearchResult.swift in Sources */,
				3F6DE53F241AFBD00076F81A /* SceneDelegate.swift in Sources */,
			);
			runOnlyForDeploymentPostprocessing = 0;
		};
/* End PBXSourcesBuildPhase section */

/* Begin PBXVariantGroup section */
		3F6DE542241AFBD00076F81A /* Main.storyboard */ = {
			isa = PBXVariantGroup;
			children = (
				3F6DE543241AFBD00076F81A /* Base */,
			);
			name = Main.storyboard;
			sourceTree = "<group>";
		};
		3F6DE547241AFBD10076F81A /* LaunchScreen.storyboard */ = {
			isa = PBXVariantGroup;
			children = (
				3F6DE548241AFBD10076F81A /* Base */,
			);
			name = LaunchScreen.storyboard;
			sourceTree = "<group>";
		};
/* End PBXVariantGroup section */

/* Begin XCBuildConfiguration section */
		3F6DE54B241AFBD10076F81A /* Debug */ = {
			isa = XCBuildConfiguration;
			buildSettings = {
				ALWAYS_SEARCH_USER_PATHS = NO;
				CLANG_ANALYZER_NONNULL = YES;
				CLANG_ANALYZER_NUMBER_OBJECT_CONVERSION = YES_AGGRESSIVE;
				CLANG_CXX_LANGUAGE_STANDARD = "gnu++14";
				CLANG_CXX_LIBRARY = "libc++";
				CLANG_ENABLE_MODULES = YES;
				CLANG_ENABLE_OBJC_ARC = YES;
				CLANG_ENABLE_OBJC_WEAK = YES;
				CLANG_WARN_BLOCK_CAPTURE_AUTORELEASING = YES;
				CLANG_WARN_BOOL_CONVERSION = YES;
				CLANG_WARN_COMMA = YES;
				CLANG_WARN_CONSTANT_CONVERSION = YES;
				CLANG_WARN_DEPRECATED_OBJC_IMPLEMENTATIONS = YES;
				CLANG_WARN_DIRECT_OBJC_ISA_USAGE = YES_ERROR;
				CLANG_WARN_DOCUMENTATION_COMMENTS = YES;
				CLANG_WARN_EMPTY_BODY = YES;
				CLANG_WARN_ENUM_CONVERSION = YES;
				CLANG_WARN_INFINITE_RECURSION = YES;
				CLANG_WARN_INT_CONVERSION = YES;
				CLANG_WARN_NON_LITERAL_NULL_CONVERSION = YES;
				CLANG_WARN_OBJC_IMPLICIT_RETAIN_SELF = YES;
				CLANG_WARN_OBJC_LITERAL_CONVERSION = YES;
				CLANG_WARN_OBJC_ROOT_CLASS = YES_ERROR;
				CLANG_WARN_RANGE_LOOP_ANALYSIS = YES;
				CLANG_WARN_STRICT_PROTOTYPES = YES;
				CLANG_WARN_SUSPICIOUS_MOVE = YES;
				CLANG_WARN_UNGUARDED_AVAILABILITY = YES_AGGRESSIVE;
				CLANG_WARN_UNREACHABLE_CODE = YES;
				CLANG_WARN__DUPLICATE_METHOD_MATCH = YES;
				COPY_PHASE_STRIP = NO;
				DEBUG_INFORMATION_FORMAT = dwarf;
				ENABLE_STRICT_OBJC_MSGSEND = YES;
				ENABLE_TESTABILITY = YES;
				GCC_C_LANGUAGE_STANDARD = gnu11;
				GCC_DYNAMIC_NO_PIC = NO;
				GCC_NO_COMMON_BLOCKS = YES;
				GCC_OPTIMIZATION_LEVEL = 0;
				GCC_PREPROCESSOR_DEFINITIONS = (
					"DEBUG=1",
					"$(inherited)",
				);
				GCC_WARN_64_TO_32_BIT_CONVERSION = YES;
				GCC_WARN_ABOUT_RETURN_TYPE = YES_ERROR;
				GCC_WARN_UNDECLARED_SELECTOR = YES;
				GCC_WARN_UNINITIALIZED_AUTOS = YES_AGGRESSIVE;
				GCC_WARN_UNUSED_FUNCTION = YES;
				GCC_WARN_UNUSED_VARIABLE = YES;
				IPHONEOS_DEPLOYMENT_TARGET = 13.2;
				MTL_ENABLE_DEBUG_INFO = INCLUDE_SOURCE;
				MTL_FAST_MATH = YES;
				ONLY_ACTIVE_ARCH = YES;
				SDKROOT = iphoneos;
				SWIFT_ACTIVE_COMPILATION_CONDITIONS = DEBUG;
				SWIFT_OPTIMIZATION_LEVEL = "-Onone";
			};
			name = Debug;
		};
		3F6DE54C241AFBD10076F81A /* Release */ = {
			isa = XCBuildConfiguration;
			buildSettings = {
				ALWAYS_SEARCH_USER_PATHS = NO;
				CLANG_ANALYZER_NONNULL = YES;
				CLANG_ANALYZER_NUMBER_OBJECT_CONVERSION = YES_AGGRESSIVE;
				CLANG_CXX_LANGUAGE_STANDARD = "gnu++14";
				CLANG_CXX_LIBRARY = "libc++";
				CLANG_ENABLE_MODULES = YES;
				CLANG_ENABLE_OBJC_ARC = YES;
				CLANG_ENABLE_OBJC_WEAK = YES;
				CLANG_WARN_BLOCK_CAPTURE_AUTORELEASING = YES;
				CLANG_WARN_BOOL_CONVERSION = YES;
				CLANG_WARN_COMMA = YES;
				CLANG_WARN_CONSTANT_CONVERSION = YES;
				CLANG_WARN_DEPRECATED_OBJC_IMPLEMENTATIONS = YES;
				CLANG_WARN_DIRECT_OBJC_ISA_USAGE = YES_ERROR;
				CLANG_WARN_DOCUMENTATION_COMMENTS = YES;
				CLANG_WARN_EMPTY_BODY = YES;
				CLANG_WARN_ENUM_CONVERSION = YES;
				CLANG_WARN_INFINITE_RECURSION = YES;
				CLANG_WARN_INT_CONVERSION = YES;
				CLANG_WARN_NON_LITERAL_NULL_CONVERSION = YES;
				CLANG_WARN_OBJC_IMPLICIT_RETAIN_SELF = YES;
				CLANG_WARN_OBJC_LITERAL_CONVERSION = YES;
				CLANG_WARN_OBJC_ROOT_CLASS = YES_ERROR;
				CLANG_WARN_RANGE_LOOP_ANALYSIS = YES;
				CLANG_WARN_STRICT_PROTOTYPES = YES;
				CLANG_WARN_SUSPICIOUS_MOVE = YES;
				CLANG_WARN_UNGUARDED_AVAILABILITY = YES_AGGRESSIVE;
				CLANG_WARN_UNREACHABLE_CODE = YES;
				CLANG_WARN__DUPLICATE_METHOD_MATCH = YES;
				COPY_PHASE_STRIP = NO;
				DEBUG_INFORMATION_FORMAT = "dwarf-with-dsym";
				ENABLE_NS_ASSERTIONS = NO;
				ENABLE_STRICT_OBJC_MSGSEND = YES;
				GCC_C_LANGUAGE_STANDARD = gnu11;
				GCC_NO_COMMON_BLOCKS = YES;
				GCC_WARN_64_TO_32_BIT_CONVERSION = YES;
				GCC_WARN_ABOUT_RETURN_TYPE = YES_ERROR;
				GCC_WARN_UNDECLARED_SELECTOR = YES;
				GCC_WARN_UNINITIALIZED_AUTOS = YES_AGGRESSIVE;
				GCC_WARN_UNUSED_FUNCTION = YES;
				GCC_WARN_UNUSED_VARIABLE = YES;
				IPHONEOS_DEPLOYMENT_TARGET = 13.2;
				MTL_ENABLE_DEBUG_INFO = NO;
				MTL_FAST_MATH = YES;
				SDKROOT = iphoneos;
				SWIFT_COMPILATION_MODE = wholemodule;
				SWIFT_OPTIMIZATION_LEVEL = "-O";
				VALIDATE_PRODUCT = YES;
			};
			name = Release;
		};
		3F6DE54E241AFBD10076F81A /* Debug */ = {
			isa = XCBuildConfiguration;
			buildSettings = {
				ASSETCATALOG_COMPILER_APPICON_NAME = AppIcon;
				CODE_SIGN_STYLE = Automatic;
				INFOPLIST_FILE = ItunesSearch/Info.plist;
				LD_RUNPATH_SEARCH_PATHS = (
					"$(inherited)",
					"@executable_path/Frameworks",
				);
				PRODUCT_BUNDLE_IDENTIFIER = com.example.ItunesSearch;
				PRODUCT_NAME = "$(TARGET_NAME)";
				SWIFT_VERSION = 5.0;
				TARGETED_DEVICE_FAMILY = "1,2";
			};
			name = Debug;
		};
		3F6DE54F241AFBD10076F81A /* Release */ = {
			isa = XCBuildConfiguration;
			buildSettings = {
				ASSETCATALOG_COMPILER_APPICON_NAME = AppIcon;
				CODE_SIGN_STYLE = Automatic;
				INFOPLIST_FILE = ItunesSearch/Info.plist;
				LD_RUNPATH_SEARCH_PATHS = (
					"$(inherited)",
					"@executable_path/Frameworks",
				);
				PRODUCT_BUNDLE_IDENTIFIER = com.example.ItunesSearch;
				PRODUCT_NAME = "$(TARGET_NAME)";
				SWIFT_VERSION = 5.0;
				TARGETED_DEVICE_FAMILY = "1,2";
			};
			name = Release;
		};
/* End XCBuildConfiguration section */

/* Begin XCConfigurationList section */
		3F6DE534241AFBD00076F81A /* Build configuration list for PBXProject "ItunesSearch" */ = {
			isa = XCConfigurationList;
			buildConfigurations = (
				3F6DE54B241AFBD10076F81A /* Debug */,
				3F6DE54C241AFBD10076F81A /* Release */,
			);
			defaultConfigurationIsVisible = 0;
			defaultConfigurationName = Release;
		};
		3F6DE54D241AFBD10076F81A /* Build configuration list for PBXNativeTarget "ItunesSearch" */ = {
			isa = XCConfigurationList;
			buildConfigurations = (
				3F6DE54E241AFBD10076F81A /* Debug */,
				3F6DE54F241AFBD10076F81A /* Release */,
			);
			defaultConfigurationIsVisible = 0;
			defaultConfigurationName = Release;
		};
/* End XCConfigurationList section */
	};
	rootObject = 3F6DE531241AFBD00076F81A /* Project object */;
}
